{
  "pins" : [
    {
      "identity" : "ansiterminal",
      "kind" : "remoteSourceControl",
      "location" : "https://github.com/pakLebah/ANSITerminal",
      "state" : {
        "branch" : "master",
        "revision" : "95f7cf132cb08d9eebd095b09214d8a375545e01"
      }
    },
    {
      "identity" : "filewatcher",
      "kind" : "remoteSourceControl",
      "location" : "https://github.com/eonist/FileWatcher.git",
      "state" : {
        "branch" : "master",
        "revision" : "ab3f80beac421dc5690c73e5c7c82c80e8c32a42"
      }
    },
    {
      "identity" : "swift-argument-parser",
      "kind" : "remoteSourceControl",
      "location" : "https://github.com/apple/swift-argument-parser.git",
      "state" : {
        "branch" : "main",
        "revision" : "a0f43bb719eb3ade9005818e72557ea023af0e60"
      }
    }
  ],
  "version" : 2
}
